// !$*UTF8*$!
{
	archiveVersion = 1;
	classes = {
	};
	objectVersion = 55;
	objects = {

/* Begin PBXBuildFile section */
		571EDA3627C599490044E62C /* SuperHit_Music_PrototypeApp.swift in Sources */ = {isa = PBXBuildFile; fileRef = 571EDA3527C599490044E62C /* SuperHit_Music_PrototypeApp.swift */; };
		571EDA3827C599490044E62C /* ContentView.swift in Sources */ = {isa = PBXBuildFile; fileRef = 571EDA3727C599490044E62C /* ContentView.swift */; };
		571EDA3A27C5994A0044E62C /* Assets.xcassets in Resources */ = {isa = PBXBuildFile; fileRef = 571EDA3927C5994A0044E62C /* Assets.xcassets */; };
		571EDA3D27C5994A0044E62C /* Preview Assets.xcassets in Resources */ = {isa = PBXBuildFile; fileRef = 571EDA3C27C5994A0044E62C /* Preview Assets.xcassets */; };
		571EDA4427C5ABFB0044E62C /* ExtensionOnImage.swift in Sources */ = {isa = PBXBuildFile; fileRef = 571EDA4327C5ABFB0044E62C /* ExtensionOnImage.swift */; };
		571EDA4627C5AD240044E62C /* ExtensionOnView.swift in Sources */ = {isa = PBXBuildFile; fileRef = 571EDA4527C5AD240044E62C /* ExtensionOnView.swift */; };
		574B8F3E27C99DC700ED8F61 /* ArtistInformation.swift in Sources */ = {isa = PBXBuildFile; fileRef = 574B8F3D27C99DC700ED8F61 /* ArtistInformation.swift */; };
		57500A8C27C850C8007E28B2 /* MainLandingView.swift in Sources */ = {isa = PBXBuildFile; fileRef = 57500A8B27C850C8007E28B2 /* MainLandingView.swift */; };
		57686CC927CB12C300A6A1BD /* ImageDimensions.swift in Sources */ = {isa = PBXBuildFile; fileRef = 57686CC827CB12C300A6A1BD /* ImageDimensions.swift */; };
		5788DBF427C70318006EDC98 /* ExtensionOnColor.swift in Sources */ = {isa = PBXBuildFile; fileRef = 5788DBF327C70318006EDC98 /* ExtensionOnColor.swift */; };
		57F4173027C64871009AE47F /* MainTabView.swift in Sources */ = {isa = PBXBuildFile; fileRef = 57F4172F27C64871009AE47F /* MainTabView.swift */; };
/* End PBXBuildFile section */

/* Begin PBXFileReference section */
		571EDA3227C599490044E62C /* SuperHit Music Prototype.app */ = {isa = PBXFileReference; explicitFileType = wrapper.application; includeInIndex = 0; path = "SuperHit Music Prototype.app"; sourceTree = BUILT_PRODUCTS_DIR; };
		571EDA3527C599490044E62C /* SuperHit_Music_PrototypeApp.swift */ = {isa = PBXFileReference; lastKnownFileType = sourcecode.swift; path = SuperHit_Music_PrototypeApp.swift; sourceTree = "<group>"; };
		571EDA3727C599490044E62C /* ContentView.swift */ = {isa = PBXFileReference; lastKnownFileType = sourcecode.swift; path = ContentView.swift; sourceTree = "<group>"; };
		571EDA3927C5994A0044E62C /* Assets.xcassets */ = {isa = PBXFileReference; lastKnownFileType = folder.assetcatalog; path = Assets.xcassets; sourceTree = "<group>"; };
		571EDA3C27C5994A0044E62C /* Preview Assets.xcassets */ = {isa = PBXFileReference; lastKnownFileType = folder.assetcatalog; path = "Preview Assets.xcassets"; sourceTree = "<group>"; };
		571EDA4327C5ABFB0044E62C /* ExtensionOnImage.swift */ = {isa = PBXFileReference; lastKnownFileType = sourcecode.swift; path = ExtensionOnImage.swift; sourceTree = "<group>"; };
		571EDA4527C5AD240044E62C /* ExtensionOnView.swift */ = {isa = PBXFileReference; lastKnownFileType = sourcecode.swift; path = ExtensionOnView.swift; sourceTree = "<group>"; };
		574B8F3D27C99DC700ED8F61 /* ArtistInformation.swift */ = {isa = PBXFileReference; lastKnownFileType = sourcecode.swift; path = ArtistInformation.swift; sourceTree = "<group>"; };
		57500A8B27C850C8007E28B2 /* MainLandingView.swift */ = {isa = PBXFileReference; lastKnownFileType = sourcecode.swift; path = MainLandingView.swift; sourceTree = "<group>"; };
		57686CC827CB12C300A6A1BD /* ImageDimensions.swift */ = {isa = PBXFileReference; lastKnownFileType = sourcecode.swift; path = ImageDimensions.swift; sourceTree = "<group>"; };
		5788DBF327C70318006EDC98 /* ExtensionOnColor.swift */ = {isa = PBXFileReference; lastKnownFileType = sourcecode.swift; path = ExtensionOnColor.swift; sourceTree = "<group>"; };
		57F4172F27C64871009AE47F /* MainTabView.swift */ = {isa = PBXFileReference; lastKnownFileType = sourcecode.swift; path = MainTabView.swift; sourceTree = "<group>"; };
/* End PBXFileReference section */

/* Begin PBXFrameworksBuildPhase section */
		571EDA2F27C599490044E62C /* Frameworks */ = {
			isa = PBXFrameworksBuildPhase;
			buildActionMask = 2147483647;
			files = (
			);
			runOnlyForDeploymentPostprocessing = 0;
		};
/* End PBXFrameworksBuildPhase section */

/* Begin PBXGroup section */
		571EDA2927C599490044E62C = {
			isa = PBXGroup;
			children = (
				571EDA3427C599490044E62C /* SuperHit Music Prototype */,
				571EDA3327C599490044E62C /* Products */,
			);
			sourceTree = "<group>";
		};
		571EDA3327C599490044E62C /* Products */ = {
			isa = PBXGroup;
			children = (
				571EDA3227C599490044E62C /* SuperHit Music Prototype.app */,
			);
			name = Products;
			sourceTree = "<group>";
		};
		571EDA3427C599490044E62C /* SuperHit Music Prototype */ = {
			isa = PBXGroup;
			children = (
				571EDA3527C599490044E62C /* SuperHit_Music_PrototypeApp.swift */,
				57B2184627C70A3D00DC5D44 /* Views */,
				57B2184527C70A2500DC5D44 /* Extensions */,
				571EDA3927C5994A0044E62C /* Assets.xcassets */,
				571EDA3B27C5994A0044E62C /* Preview Content */,
			);
			path = "SuperHit Music Prototype";
			sourceTree = "<group>";
		};
		571EDA3B27C5994A0044E62C /* Preview Content */ = {
			isa = PBXGroup;
			children = (
				571EDA3C27C5994A0044E62C /* Preview Assets.xcassets */,
			);
			path = "Preview Content";
			sourceTree = "<group>";
		};
		57B2184527C70A2500DC5D44 /* Extensions */ = {
			isa = PBXGroup;
			children = (
				571EDA4327C5ABFB0044E62C /* ExtensionOnImage.swift */,
				57686CC827CB12C300A6A1BD /* ImageDimensions.swift */,
				5788DBF327C70318006EDC98 /* ExtensionOnColor.swift */,
				571EDA4527C5AD240044E62C /* ExtensionOnView.swift */,
			);
			path = Extensions;
			sourceTree = "<group>";
		};
		57B2184627C70A3D00DC5D44 /* Views */ = {
			isa = PBXGroup;
			children = (
				571EDA3727C599490044E62C /* ContentView.swift */,
				57F4172F27C64871009AE47F /* MainTabView.swift */,
				57500A8B27C850C8007E28B2 /* MainLandingView.swift */,
				574B8F3D27C99DC700ED8F61 /* ArtistInformation.swift */,
			);
			path = Views;
			sourceTree = "<group>";
		};
/* End PBXGroup section */

/* Begin PBXNativeTarget section */
		571EDA3127C599490044E62C /* SuperHit Music Prototype */ = {
			isa = PBXNativeTarget;
			buildConfigurationList = 571EDA4027C5994A0044E62C /* Build configuration list for PBXNativeTarget "SuperHit Music Prototype" */;
			buildPhases = (
				571EDA2E27C599490044E62C /* Sources */,
				571EDA2F27C599490044E62C /* Frameworks */,
				571EDA3027C599490044E62C /* Resources */,
			);
			buildRules = (
			);
			dependencies = (
			);
			name = "SuperHit Music Prototype";
			productName = "SuperHit Music Prototype";
			productReference = 571EDA3227C599490044E62C /* SuperHit Music Prototype.app */;
			productType = "com.apple.product-type.application";
		};
/* End PBXNativeTarget section */

/* Begin PBXProject section */
		571EDA2A27C599490044E62C /* Project object */ = {
			isa = PBXProject;
			attributes = {
				BuildIndependentTargetsInParallel = 1;
				LastSwiftUpdateCheck = 1320;
				LastUpgradeCheck = 1320;
				TargetAttributes = {
					571EDA3127C599490044E62C = {
						CreatedOnToolsVersion = 13.2.1;
					};
				};
			};
			buildConfigurationList = 571EDA2D27C599490044E62C /* Build configuration list for PBXProject "SuperHit Music Prototype" */;
			compatibilityVersion = "Xcode 13.0";
			developmentRegion = en;
			hasScannedForEncodings = 0;
			knownRegions = (
				en,
				Base,
			);
			mainGroup = 571EDA2927C599490044E62C;
			productRefGroup = 571EDA3327C599490044E62C /* Products */;
			projectDirPath = "";
			projectRoot = "";
			targets = (
				571EDA3127C599490044E62C /* SuperHit Music Prototype */,
			);
		};
/* End PBXProject section */

/* Begin PBXResourcesBuildPhase section */
		571EDA3027C599490044E62C /* Resources */ = {
			isa = PBXResourcesBuildPhase;
			buildActionMask = 2147483647;
			files = (
				571EDA3D27C5994A0044E62C /* Preview Assets.xcassets in Resources */,
				571EDA3A27C5994A0044E62C /* Assets.xcassets in Resources */,
			);
			runOnlyForDeploymentPostprocessing = 0;
		};
/* End PBXResourcesBuildPhase section */

/* Begin PBXSourcesBuildPhase section */
		571EDA2E27C599490044E62C /* Sources */ = {
			isa = PBXSourcesBuildPhase;
			buildActionMask = 2147483647;
			files = (
				57500A8C27C850C8007E28B2 /* MainLandingView.swift in Sources */,
				571EDA4427C5ABFB0044E62C /* ExtensionOnImage.swift in Sources */,
				571EDA4627C5AD240044E62C /* ExtensionOnView.swift in Sources */,
				571EDA3827C599490044E62C /* ContentView.swift in Sources */,
				571EDA3627C599490044E62C /* SuperHit_Music_PrototypeApp.swift in Sources */,
				5788DBF427C70318006EDC98 /* ExtensionOnColor.swift in Sources */,
				57F4173027C64871009AE47F /* MainTabView.swift in Sources */,
				57686CC927CB12C300A6A1BD /* ImageDimensions.swift in Sources */,
				574B8F3E27C99DC700ED8F61 /* ArtistInformation.swift in Sources */,
			);
			runOnlyForDeploymentPostprocessing = 0;
		};
/* End PBXSourcesBuildPhase section */

/* Begin XCBuildConfiguration section */
		571EDA3E27C5994A0044E62C /* Debug */ = {
			isa = XCBuildConfiguration;
			buildSettings = {
				ALWAYS_SEARCH_USER_PATHS = NO;
				CLANG_ANALYZER_NONNULL = YES;
				CLANG_ANALYZER_NUMBER_OBJECT_CONVERSION = YES_AGGRESSIVE;
				CLANG_CXX_LANGUAGE_STANDARD = "gnu++17";
				CLANG_CXX_LIBRARY = "libc++";
				CLANG_ENABLE_MODULES = YES;
				CLANG_ENABLE_OBJC_ARC = YES;
				CLANG_ENABLE_OBJC_WEAK = YES;
				CLANG_WARN_BLOCK_CAPTURE_AUTORELEASING = YES;
				CLANG_WARN_BOOL_CONVERSION = YES;
				CLANG_WARN_COMMA = YES;
				CLANG_WARN_CONSTANT_CONVERSION = YES;
				CLANG_WARN_DEPRECATED_OBJC_IMPLEMENTATIONS = YES;
				CLANG_WARN_DIRECT_OBJC_ISA_USAGE = YES_ERROR;
				CLANG_WARN_DOCUMENTATION_COMMENTS = YES;
				CLANG_WARN_EMPTY_BODY = YES;
				CLANG_WARN_ENUM_CONVERSION = YES;
				CLANG_WARN_INFINITE_RECURSION = YES;
				CLANG_WARN_INT_CONVERSION = YES;
				CLANG_WARN_NON_LITERAL_NULL_CONVERSION = YES;
				CLANG_WARN_OBJC_IMPLICIT_RETAIN_SELF = YES;
				CLANG_WARN_OBJC_LITERAL_CONVERSION = YES;
				CLANG_WARN_OBJC_ROOT_CLASS = YES_ERROR;
				CLANG_WARN_QUOTED_INCLUDE_IN_FRAMEWORK_HEADER = YES;
				CLANG_WARN_RANGE_LOOP_ANALYSIS = YES;
				CLANG_WARN_STRICT_PROTOTYPES = YES;
				CLANG_WARN_SUSPICIOUS_MOVE = YES;
				CLANG_WARN_UNGUARDED_AVAILABILITY = YES_AGGRESSIVE;
				CLANG_WARN_UNREACHABLE_CODE = YES;
				CLANG_WARN__DUPLICATE_METHOD_MATCH = YES;
				COPY_PHASE_STRIP = NO;
				DEBUG_INFORMATION_FORMAT = dwarf;
				ENABLE_STRICT_OBJC_MSGSEND = YES;
				ENABLE_TESTABILITY = YES;
				GCC_C_LANGUAGE_STANDARD = gnu11;
				GCC_DYNAMIC_NO_PIC = NO;
				GCC_NO_COMMON_BLOCKS = YES;
				GCC_OPTIMIZATION_LEVEL = 0;
				GCC_PREPROCESSOR_DEFINITIONS = (
					"DEBUG=1",
					"$(inherited)",
				);
				GCC_WARN_64_TO_32_BIT_CONVERSION = YES;
				GCC_WARN_ABOUT_RETURN_TYPE = YES_ERROR;
				GCC_WARN_UNDECLARED_SELECTOR = YES;
				GCC_WARN_UNINITIALIZED_AUTOS = YES_AGGRESSIVE;
				GCC_WARN_UNUSED_FUNCTION = YES;
				GCC_WARN_UNUSED_VARIABLE = YES;
				IPHONEOS_DEPLOYMENT_TARGET = 15.2;
				MTL_ENABLE_DEBUG_INFO = INCLUDE_SOURCE;
				MTL_FAST_MATH = YES;
				ONLY_ACTIVE_ARCH = YES;
				SDKROOT = iphoneos;
				SWIFT_ACTIVE_COMPILATION_CONDITIONS = DEBUG;
				SWIFT_OPTIMIZATION_LEVEL = "-Onone";
			};
			name = Debug;
		};
		571EDA3F27C5994A0044E62C /* Release */ = {
			isa = XCBuildConfiguration;
			buildSettings = {
				ALWAYS_SEARCH_USER_PATHS = NO;
				CLANG_ANALYZER_NONNULL = YES;
				CLANG_ANALYZER_NUMBER_OBJECT_CONVERSION = YES_AGGRESSIVE;
				CLANG_CXX_LANGUAGE_STANDARD = "gnu++17";
				CLANG_CXX_LIBRARY = "libc++";
				CLANG_ENABLE_MODULES = YES;
				CLANG_ENABLE_OBJC_ARC = YES;
				CLANG_ENABLE_OBJC_WEAK = YES;
				CLANG_WARN_BLOCK_CAPTURE_AUTORELEASING = YES;
				CLANG_WARN_BOOL_CONVERSION = YES;
				CLANG_WARN_COMMA = YES;
				CLANG_WARN_CONSTANT_CONVERSION = YES;
				CLANG_WARN_DEPRECATED_OBJC_IMPLEMENTATIONS = YES;
				CLANG_WARN_DIRECT_OBJC_ISA_USAGE = YES_ERROR;
				CLANG_WARN_DOCUMENTATION_COMMENTS = YES;
				CLANG_WARN_EMPTY_BODY = YES;
				CLANG_WARN_ENUM_CONVERSION = YES;
				CLANG_WARN_INFINITE_RECURSION = YES;
				CLANG_WARN_INT_CONVERSION = YES;
				CLANG_WARN_NON_LITERAL_NULL_CONVERSION = YES;
				CLANG_WARN_OBJC_IMPLICIT_RETAIN_SELF = YES;
				CLANG_WARN_OBJC_LITERAL_CONVERSION = YES;
				CLANG_WARN_OBJC_ROOT_CLASS = YES_ERROR;
				CLANG_WARN_QUOTED_INCLUDE_IN_FRAMEWORK_HEADER = YES;
				CLANG_WARN_RANGE_LOOP_ANALYSIS = YES;
				CLANG_WARN_STRICT_PROTOTYPES = YES;
				CLANG_WARN_SUSPICIOUS_MOVE = YES;
				CLANG_WARN_UNGUARDED_AVAILABILITY = YES_AGGRESSIVE;
				CLANG_WARN_UNREACHABLE_CODE = YES;
				CLANG_WARN__DUPLICATE_METHOD_MATCH = YES;
				COPY_PHASE_STRIP = NO;
				DEBUG_INFORMATION_FORMAT = "dwarf-with-dsym";
				ENABLE_NS_ASSERTIONS = NO;
				ENABLE_STRICT_OBJC_MSGSEND = YES;
				GCC_C_LANGUAGE_STANDARD = gnu11;
				GCC_NO_COMMON_BLOCKS = YES;
				GCC_WARN_64_TO_32_BIT_CONVERSION = YES;
				GCC_WARN_ABOUT_RETURN_TYPE = YES_ERROR;
				GCC_WARN_UNDECLARED_SELECTOR = YES;
				GCC_WARN_UNINITIALIZED_AUTOS = YES_AGGRESSIVE;
				GCC_WARN_UNUSED_FUNCTION = YES;
				GCC_WARN_UNUSED_VARIABLE = YES;
				IPHONEOS_DEPLOYMENT_TARGET = 15.2;
				MTL_ENABLE_DEBUG_INFO = NO;
				MTL_FAST_MATH = YES;
				SDKROOT = iphoneos;
				SWIFT_COMPILATION_MODE = wholemodule;
				SWIFT_OPTIMIZATION_LEVEL = "-O";
				VALIDATE_PRODUCT = YES;
			};
			name = Release;
		};
		571EDA4127C5994A0044E62C /* Debug */ = {
			isa = XCBuildConfiguration;
			buildSettings = {
				ASSETCATALOG_COMPILER_APPICON_NAME = AppIcon;
				ASSETCATALOG_COMPILER_GLOBAL_ACCENT_COLOR_NAME = AccentColor;
				CODE_SIGN_STYLE = Automatic;
				CURRENT_PROJECT_VERSION = 1;
				DEVELOPMENT_ASSET_PATHS = "\"SuperHit Music Prototype/Preview Content\"";
				DEVELOPMENT_TEAM = ZD3ZX8KHC6;
				ENABLE_PREVIEWS = YES;
				GENERATE_INFOPLIST_FILE = YES;
				INFOPLIST_KEY_UIApplicationSceneManifest_Generation = YES;
				INFOPLIST_KEY_UIApplicationSupportsIndirectInputEvents = YES;
				INFOPLIST_KEY_UILaunchScreen_Generation = YES;
				INFOPLIST_KEY_UISupportedInterfaceOrientations_iPad = "UIInterfaceOrientationPortrait UIInterfaceOrientationPortraitUpsideDown UIInterfaceOrientationLandscapeLeft UIInterfaceOrientationLandscapeRight";
				INFOPLIST_KEY_UISupportedInterfaceOrientations_iPhone = "UIInterfaceOrientationPortrait UIInterfaceOrientationLandscapeLeft UIInterfaceOrientationLandscapeRight";
				LD_RUNPATH_SEARCH_PATHS = (
					"$(inherited)",
					"@executable_path/Frameworks",
				);
				MARKETING_VERSION = 1.0;
				PRODUCT_BUNDLE_IDENTIFIER = "com.supernovaonline.SuperHit-Music-Prototype";
				PRODUCT_NAME = "$(TARGET_NAME)";
				SWIFT_EMIT_LOC_STRINGS = YES;
				SWIFT_VERSION = 5.0;
				TARGETED_DEVICE_FAMILY = "1,2";
			};
			name = Debug;
		};
		571EDA4227C5994A0044E62C /* Release */ = {
			isa = XCBuildConfiguration;
			buildSettings = {
				ASSETCATALOG_COMPILER_APPICON_NAME = AppIcon;
				ASSETCATALOG_COMPILER_GLOBAL_ACCENT_COLOR_NAME = AccentColor;
				CODE_SIGN_STYLE = Automatic;
				CURRENT_PROJECT_VERSION = 1;
				DEVELOPMENT_ASSET_PATHS = "\"SuperHit Music Prototype/Preview Content\"";
				DEVELOPMENT_TEAM = ZD3ZX8KHC6;
				ENABLE_PREVIEWS = YES;
				GENERATE_INFOPLIST_FILE = YES;
				INFOPLIST_KEY_UIApplicationSceneManifest_Generation = YES;
				INFOPLIST_KEY_UIApplicationSupportsIndirectInputEvents = YES;
				INFOPLIST_KEY_UILaunchScreen_Generation = YES;
				INFOPLIST_KEY_UISupportedInterfaceOrientations_iPad = "UIInterfaceOrientationPortrait UIInterfaceOrientationPortraitUpsideDown UIInterfaceOrientationLandscapeLeft UIInterfaceOrientationLandscapeRight";
				INFOPLIST_KEY_UISupportedInterfaceOrientations_iPhone = "UIInterfaceOrientationPortrait UIInterfaceOrientationLandscapeLeft UIInterfaceOrientationLandscapeRight";
				LD_RUNPATH_SEARCH_PATHS = (
					"$(inherited)",
					"@executable_path/Frameworks",
				);
				MARKETING_VERSION = 1.0;
				PRODUCT_BUNDLE_IDENTIFIER = "com.supernovaonline.SuperHit-Music-Prototype";
				PRODUCT_NAME = "$(TARGET_NAME)";
				SWIFT_EMIT_LOC_STRINGS = YES;
				SWIFT_VERSION = 5.0;
				TARGETED_DEVICE_FAMILY = "1,2";
			};
			name = Release;
		};
/* End XCBuildConfiguration section */

/* Begin XCConfigurationList section */
		571EDA2D27C599490044E62C /* Build configuration list for PBXProject "SuperHit Music Prototype" */ = {
			isa = XCConfigurationList;
			buildConfigurations = (
				571EDA3E27C5994A0044E62C /* Debug */,
				571EDA3F27C5994A0044E62C /* Release */,
			);
			defaultConfigurationIsVisible = 0;
			defaultConfigurationName = Release;
		};
		571EDA4027C5994A0044E62C /* Build configuration list for PBXNativeTarget "SuperHit Music Prototype" */ = {
			isa = XCConfigurationList;
			buildConfigurations = (
				571EDA4127C5994A0044E62C /* Debug */,
				571EDA4227C5994A0044E62C /* Release */,
			);
			defaultConfigurationIsVisible = 0;
			defaultConfigurationName = Release;
		};
/* End XCConfigurationList section */
	};
	rootObject = 571EDA2A27C599490044E62C /* Project object */;
}
